
Microsoft Visual Studio Solution File, Format Version 12.00
# Visual Studio 15
VisualStudioVersion = 15.0.27703.2047
MinimumVisualStudioVersion = 10.0.40219.1
Project("{FAE04EC0-301F-11D3-BF4B-00C04F79EFBC}") = "ConsoleApp5", "ConsoleApp5\ConsoleApp5.csproj", "{2C301C83-190D-4CDC-B26B-2FB88F578C03}"
EndProject
Project("{FAE04EC0-301F-11D3-BF4B-00C04F79EFBC}") = "UnitTestPrj", "UnitTestPrj\UnitTestPrj.csproj", "{95FE220E-100B-45DD-A9E1-A5815A7F7450}"
EndProject
Global
	GlobalSection(SolutionConfigurationPlatforms) = preSolution
		Debug|Any CPU = Debug|Any CPU
		Release|Any CPU = Release|Any CPU
	EndGlobalSection
	GlobalSection(ProjectConfigurationPlatforms) = postSolution
		{2C301C83-190D-4CDC-B26B-2FB88F578C03}.Debug|Any CPU.ActiveCfg = Debug|Any CPU
		{2C301C83-190D-4CDC-B26B-2FB88F578C03}.Debug|Any CPU.Build.0 = Debug|Any CPU
		{2C301C83-190D-4CDC-B26B-2FB88F578C03}.Release|Any CPU.ActiveCfg = Release|Any CPU
		{2C301C83-190D-4CDC-B26B-2FB88F578C03}.Release|Any CPU.Build.0 = Release|Any CPU
		{95FE220E-100B-45DD-A9E1-A5815A7F7450}.Debug|Any CPU.ActiveCfg = Debug|Any CPU
		{95FE220E-100B-45DD-A9E1-A5815A7F7450}.Debug|Any CPU.Build.0 = Debug|Any CPU
		{95FE220E-100B-45DD-A9E1-A5815A7F7450}.Release|Any CPU.ActiveCfg = Release|Any CPU
		{95FE220E-100B-45DD-A9E1-A5815A7F7450}.Release|Any CPU.Build.0 = Release|Any CPU
	EndGlobalSection
	GlobalSection(SolutionProperties) = preSolution
		HideSolutionNode = FALSE
	EndGlobalSection
	GlobalSection(ExtensibilityGlobals) = postSolution
		SolutionGuid = {97F1765B-FDCB-4134-9C89-4018B8422D4A}
	EndGlobalSection
EndGlobal
